
Microsoft Visual Studio Solution File, Format Version 12.00
# Visual Studio 14
VisualStudioVersion = 14.0.25420.1
MinimumVisualStudioVersion = 10.0.40219.1
Project("{FAE04EC0-301F-11D3-BF4B-00C04F79EFBC}") = "WideWorldImporters", "WideWorldImporters\WideWorldImporters.csproj", "{7BDAE6DD-FC5F-49E7-A1A2-83596A283023}"
EndProject
Project("{2150E333-8FDC-42A3-9474-1A3956D46DE8}") = "Solution Items", "Solution Items", "{DE9A1C10-7407-4442-8DED-FCE81A3A490A}"
	ProjectSection(SolutionItems) = preProject
		Grant.sql = Grant.sql
	EndProjectSection
EndProject
Global
	GlobalSection(SolutionConfigurationPlatforms) = preSolution
		Debug|Any CPU = Debug|Any CPU
		Release|Any CPU = Release|Any CPU
	EndGlobalSection
	GlobalSection(ProjectConfigurationPlatforms) = postSolution
		{7BDAE6DD-FC5F-49E7-A1A2-83596A283023}.Debug|Any CPU.ActiveCfg = Debug|Any CPU
		{7BDAE6DD-FC5F-49E7-A1A2-83596A283023}.Debug|Any CPU.Build.0 = Debug|Any CPU
		{7BDAE6DD-FC5F-49E7-A1A2-83596A283023}.Release|Any CPU.ActiveCfg = Release|Any CPU
		{7BDAE6DD-FC5F-49E7-A1A2-83596A283023}.Release|Any CPU.Build.0 = Release|Any CPU
	EndGlobalSection
	GlobalSection(SolutionProperties) = preSolution
		HideSolutionNode = FALSE
	EndGlobalSection
EndGlobal
